
Microsoft Visual Studio Solution File, Format Version 12.00
# Visual Studio 15
VisualStudioVersion = 15.0.27428.2043
MinimumVisualStudioVersion = 10.0.40219.1
Project("{FAE04EC0-301F-11D3-BF4B-00C04F79EFBC}") = "ejercicio 1 semana2", "ejercicio 1 semana2\ejercicio 1 semana2.csproj", "{DC9E352F-587F-4E07-ADF2-F9A12A4916B8}"
EndProject
Project("{FAE04EC0-301F-11D3-BF4B-00C04F79EFBC}") = "topicos.MiLogicaDeNegocio", "topicos.MiLogicaDeNegocio\topicos.MiLogicaDeNegocio.csproj", "{A3FB27E2-3353-47FD-A0AE-E7AE0BF47023}"
EndProject
Global
	GlobalSection(SolutionConfigurationPlatforms) = preSolution
		Debug|Any CPU = Debug|Any CPU
		Release|Any CPU = Release|Any CPU
	EndGlobalSection
	GlobalSection(ProjectConfigurationPlatforms) = postSolution
		{DC9E352F-587F-4E07-ADF2-F9A12A4916B8}.Debug|Any CPU.ActiveCfg = Debug|Any CPU
		{DC9E352F-587F-4E07-ADF2-F9A12A4916B8}.Debug|Any CPU.Build.0 = Debug|Any CPU
		{DC9E352F-587F-4E07-ADF2-F9A12A4916B8}.Release|Any CPU.ActiveCfg = Release|Any CPU
		{DC9E352F-587F-4E07-ADF2-F9A12A4916B8}.Release|Any CPU.Build.0 = Release|Any CPU
		{A3FB27E2-3353-47FD-A0AE-E7AE0BF47023}.Debug|Any CPU.ActiveCfg = Debug|Any CPU
		{A3FB27E2-3353-47FD-A0AE-E7AE0BF47023}.Debug|Any CPU.Build.0 = Debug|Any CPU
		{A3FB27E2-3353-47FD-A0AE-E7AE0BF47023}.Release|Any CPU.ActiveCfg = Release|Any CPU
		{A3FB27E2-3353-47FD-A0AE-E7AE0BF47023}.Release|Any CPU.Build.0 = Release|Any CPU
	EndGlobalSection
	GlobalSection(SolutionProperties) = preSolution
		HideSolutionNode = FALSE
	EndGlobalSection
	GlobalSection(ExtensibilityGlobals) = postSolution
		SolutionGuid = {8B73D2AD-1C62-43B5-BE6C-268F97DAF737}
	EndGlobalSection
EndGlobal
